
Microsoft Visual Studio Solution File, Format Version 12.00
# Visual Studio Version 17
VisualStudioVersion = 17.9.34701.34
MinimumVisualStudioVersion = 10.0.40219.1
Project("{9A19103F-16F7-4668-BE54-9A1E7A4F7556}") = "AuctionService", "src\AuctionService\AuctionService.csproj", "{983A8A2F-CEC4-4137-94EC-F79859C7DA67}"
EndProject
Project("{9A19103F-16F7-4668-BE54-9A1E7A4F7556}") = "SearchService", "src\SearchService\SearchService.csproj", "{A8335F1F-55EF-4A93-8AE7-99827C626F73}"
EndProject
Project("{FAE04EC0-301F-11D3-BF4B-00C04F79EFBC}") = "Contracts", "src\Contracts\Contracts.csproj", "{7A683A02-E75B-4838-987A-CAA9419632A8}"
EndProject
Global
	GlobalSection(SolutionConfigurationPlatforms) = preSolution
		Debug|Any CPU = Debug|Any CPU
		Release|Any CPU = Release|Any CPU
	EndGlobalSection
	GlobalSection(ProjectConfigurationPlatforms) = postSolution
		{983A8A2F-CEC4-4137-94EC-F79859C7DA67}.Debug|Any CPU.ActiveCfg = Debug|Any CPU
		{983A8A2F-CEC4-4137-94EC-F79859C7DA67}.Debug|Any CPU.Build.0 = Debug|Any CPU
		{983A8A2F-CEC4-4137-94EC-F79859C7DA67}.Release|Any CPU.ActiveCfg = Release|Any CPU
		{983A8A2F-CEC4-4137-94EC-F79859C7DA67}.Release|Any CPU.Build.0 = Release|Any CPU
		{A8335F1F-55EF-4A93-8AE7-99827C626F73}.Debug|Any CPU.ActiveCfg = Debug|Any CPU
		{A8335F1F-55EF-4A93-8AE7-99827C626F73}.Debug|Any CPU.Build.0 = Debug|Any CPU
		{A8335F1F-55EF-4A93-8AE7-99827C626F73}.Release|Any CPU.ActiveCfg = Release|Any CPU
		{A8335F1F-55EF-4A93-8AE7-99827C626F73}.Release|Any CPU.Build.0 = Release|Any CPU
		{7A683A02-E75B-4838-987A-CAA9419632A8}.Debug|Any CPU.ActiveCfg = Debug|Any CPU
		{7A683A02-E75B-4838-987A-CAA9419632A8}.Debug|Any CPU.Build.0 = Debug|Any CPU
		{7A683A02-E75B-4838-987A-CAA9419632A8}.Release|Any CPU.ActiveCfg = Release|Any CPU
		{7A683A02-E75B-4838-987A-CAA9419632A8}.Release|Any CPU.Build.0 = Release|Any CPU
	EndGlobalSection
	GlobalSection(SolutionProperties) = preSolution
		HideSolutionNode = FALSE
	EndGlobalSection
	GlobalSection(ExtensibilityGlobals) = postSolution
		SolutionGuid = {EC9984DE-9E33-4D8D-93B2-F85481C2D340}
	EndGlobalSection
EndGlobal
